{
  "version": 4,
  "terraform_version": "1.9.5",
  "serial": 304,
  "lineage": "a785c1da-11d6-2b64-b89f-8b19d51bc786",
  "outputs": {},
  "resources": [
    {
      "mode": "managed",
      "type": "google_compute_global_address",
      "name": "sql_private_ip",
      "provider": "provider[\"registry.terraform.io/hashicorp/google\"]",
      "instances": [
        {
          "schema_version": 0,
          "attributes": {
            "address": "10.15.0.0",
            "address_type": "INTERNAL",
            "creation_timestamp": "2025-12-07T09:39:18.751-08:00",
            "description": "",
            "effective_labels": {},
            "id": "projects/cs3-innovatech-hr-project/global/addresses/sql-private-ip-range",
            "ip_version": "",
            "label_fingerprint": "42WmSpB8rSM=",
            "labels": {},
            "name": "sql-private-ip-range",
            "network": "https://www.googleapis.com/compute/v1/projects/cs3-innovatech-hr-project/global/networks/innovatech-vpc",
            "prefix_length": 16,
            "project": "cs3-innovatech-hr-project",
            "purpose": "VPC_PEERING",
            "self_link": "https://www.googleapis.com/compute/v1/projects/cs3-innovatech-hr-project/global/addresses/sql-private-ip-range",
            "terraform_labels": {},
            "timeouts": null
          },
          "sensitive_attributes": [],
          "private": "eyJlMmJmYjczMC1lY2FhLTExZTYtOGY4OC0zNDM2M2JjN2M0YzAiOnsiY3JlYXRlIjoxMjAwMDAwMDAwMDAwLCJkZWxldGUiOjEyMDAwMDAwMDAwMDAsInVwZGF0ZSI6MTIwMDAwMDAwMDAwMH0sInNjaGVtYV92ZXJzaW9uIjoiMCJ9",
          "dependencies": [
            "google_compute_network.vpc"
          ]
        }
      ]
    },
    {
      "mode": "managed",
      "type": "google_compute_network",
      "name": "vpc",
      "provider": "provider[\"registry.terraform.io/hashicorp/google\"]",
      "instances": [
        {
          "schema_version": 0,
          "attributes": {
            "auto_create_subnetworks": false,
            "delete_default_routes_on_create": false,
            "description": "",
            "enable_ula_internal_ipv6": false,
            "gateway_ipv4": "",
            "id": "projects/cs3-innovatech-hr-project/global/networks/innovatech-vpc",
            "internal_ipv6_range": "",
            "mtu": 0,
            "name": "innovatech-vpc",
            "network_firewall_policy_enforcement_order": "AFTER_CLASSIC_FIREWALL",
            "numeric_id": "6135814059083866856",
            "project": "cs3-innovatech-hr-project",
            "routing_mode": "REGIONAL",
            "self_link": "https://www.googleapis.com/compute/v1/projects/cs3-innovatech-hr-project/global/networks/innovatech-vpc",
            "timeouts": null
          },
          "sensitive_attributes": [],
          "private": "eyJlMmJmYjczMC1lY2FhLTExZTYtOGY4OC0zNDM2M2JjN2M0YzAiOnsiY3JlYXRlIjoxMjAwMDAwMDAwMDAwLCJkZWxldGUiOjEyMDAwMDAwMDAwMDAsInVwZGF0ZSI6MTIwMDAwMDAwMDAwMH0sInNjaGVtYV92ZXJzaW9uIjoiMCJ9"
        }
      ]
    },
    {
      "mode": "managed",
      "type": "google_compute_subnetwork",
      "name": "automation",
      "provider": "provider[\"registry.terraform.io/hashicorp/google\"]",
      "instances": [
        {
          "schema_version": 0,
          "attributes": {
            "creation_timestamp": "2025-12-11T05:20:58.492-08:00",
            "description": "",
            "external_ipv6_prefix": "",
            "fingerprint": null,
            "gateway_address": "10.10.2.1",
            "id": "projects/cs3-innovatech-hr-project/regions/europe-west1/subnetworks/innovatech-vpc-automation",
            "internal_ipv6_prefix": "",
            "ip_cidr_range": "10.10.2.0/24",
            "ipv6_access_type": "",
            "ipv6_cidr_range": "",
            "log_config": [],
            "name": "innovatech-vpc-automation",
            "network": "https://www.googleapis.com/compute/v1/projects/cs3-innovatech-hr-project/global/networks/innovatech-vpc",
            "private_ip_google_access": true,
            "private_ipv6_google_access": "DISABLE_GOOGLE_ACCESS",
            "project": "cs3-innovatech-hr-project",
            "purpose": "PRIVATE",
            "region": "europe-west1",
            "role": "",
            "secondary_ip_range": [
              {
                "ip_cidr_range": "10.64.0.0/14",
                "range_name": "gke-innovatech-gke-pods-d84156a4"
              }
            ],
            "self_link": "https://www.googleapis.com/compute/v1/projects/cs3-innovatech-hr-project/regions/europe-west1/subnetworks/innovatech-vpc-automation",
            "send_secondary_ip_range_if_empty": null,
            "stack_type": "IPV4_ONLY",
            "timeouts": null
          },
          "sensitive_attributes": [],
          "private": "eyJlMmJmYjczMC1lY2FhLTExZTYtOGY4OC0zNDM2M2JjN2M0YzAiOnsiY3JlYXRlIjoxMjAwMDAwMDAwMDAwLCJkZWxldGUiOjEyMDAwMDAwMDAwMDAsInVwZGF0ZSI6MTIwMDAwMDAwMDAwMH19",
          "dependencies": [
            "google_compute_network.vpc"
          ]
        }
      ]
    },
    {
      "mode": "managed",
      "type": "google_sql_database_instance",
      "name": "hr",
      "provider": "provider[\"registry.terraform.io/hashicorp/google\"]",
      "instances": [
        {
          "schema_version": 0,
          "attributes": {
            "available_maintenance_versions": [],
            "clone": [],
            "connection_name": "cs3-innovatech-hr-project:europe-west1:hr-postgres-db",
            "database_version": "POSTGRES_15",
            "deletion_protection": true,
            "dns_name": "",
            "encryption_key_name": null,
            "first_ip_address": "34.77.130.98",
            "id": "hr-postgres-db",
            "instance_type": "CLOUD_SQL_INSTANCE",
            "ip_address": [
              {
                "ip_address": "34.77.130.98",
                "time_to_retire": "",
                "type": "PRIMARY"
              },
              {
                "ip_address": "35.187.97.55",
                "time_to_retire": "",
                "type": "OUTGOING"
              },
              {
                "ip_address": "10.15.0.11",
                "time_to_retire": "",
                "type": "PRIVATE"
              }
            ],
            "maintenance_version": "POSTGRES_15_15.R20251004.01_19",
            "master_instance_name": "",
            "name": "hr-postgres-db",
            "private_ip_address": "10.15.0.11",
            "project": "cs3-innovatech-hr-project",
            "psc_service_attachment_link": "",
            "public_ip_address": "34.77.130.98",
            "region": "europe-west1",
            "replica_configuration": [],
            "restore_backup_context": [],
            "root_password": null,
            "self_link": "https://sqladmin.googleapis.com/sql/v1beta4/projects/cs3-innovatech-hr-project/instances/hr-postgres-db",
            "server_ca_cert": [
              {
                "cert": "-----BEGIN CERTIFICATE-----\nMIIDfzCCAmegAwIBAgIBADANBgkqhkiG9w0BAQsFADB3MS0wKwYDVQQuEyQ2ZjZh\nMDRiZi0zZGFiLTQyMDQtOTEwNC0zMDkxZWU1YTI4ZTkxIzAhBgNVBAMTGkdvb2ds\nZSBDbG91ZCBTUUwgU2VydmVyIENBMRQwEgYDVQQKEwtHb29nbGUsIEluYzELMAkG\nA1UEBhMCVVMwHhcNMjUxMjExMTMyMzEyWhcNMzUxMjA5MTMyNDEyWjB3MS0wKwYD\nVQQuEyQ2ZjZhMDRiZi0zZGFiLTQyMDQtOTEwNC0zMDkxZWU1YTI4ZTkxIzAhBgNV\nBAMTGkdvb2dsZSBDbG91ZCBTUUwgU2VydmVyIENBMRQwEgYDVQQKEwtHb29nbGUs\nIEluYzELMAkGA1UEBhMCVVMwggEiMA0GCSqGSIb3DQEBAQUAA4IBDwAwggEKAoIB\nAQC+BFtq6AwVF4dyBXcRzTgWIpDBLSffoxsc1CbI1mt3IXcFr8608awkgF86K2y9\nlKvwpRU3ucskB3qNfMp2gzgdseCUlGO+q8ZUHMOPkS3RKjl67Swk+TJE2APBmfLY\ngU6zmXDGkH3PHhCqbgf2Dd0tQtGqUBdJc0cSLwEsIsfLo9ORRzMD5kGcJY7DscGg\ntrbBnZoqqz/Do5MK0lX2qGtypC+4wSUx8qkxrqIstk7BIteBrLUN5Kwg0TozuMnn\nskVKLQv4+rPvUj/KEx4z30y/v15Fgevj/HQ3vAsr7F5s31MYQUvUzcMH56+A+mu4\nGYxpTunkhlCLNe5JDkS4pyKvAgMBAAGjFjAUMBIGA1UdEwEB/wQIMAYBAf8CAQAw\nDQYJKoZIhvcNAQELBQADggEBAA+AvnkWVTVAeHaYqx4bI6XVkvRYzJP0bWLV+/l6\nGeup6ATPB9070Vs7pz2jIsTh+1vDsxlru74zwV53i6i63uTDOvImIKSP/JfUmJT6\nZz0IMS++GXBEamK/oSCy/TxYIhVoBV2sj2aRxTlEvqiqrhOi/kRj3X0rgAX12Af3\nbQCLcacZD4hIhf5T1/c2HMlOFp6MVSHl7/MBwwKj0X51OoNmLUoQ1VMG69NcQN91\n0TJ9UR+Ilft85JHjNqI8xgZ7+rF3NWocFNwvhikinI/sm+rq1yZ8bwXUVmucnhvS\nLn/oVM1BSM52Dw++rVZEMj/1EAYYsCLbfCj/WUDZZDbg1pQ=\n-----END CERTIFICATE-----",
                "common_name": "C=US,O=Google\\, Inc,CN=Google Cloud SQL Server CA,dnQualifier=6f6a04bf-3dab-4204-9104-3091ee5a28e9",
                "create_time": "2025-12-11T13:23:12.597Z",
                "expiration_time": "2035-12-09T13:24:12.597Z",
                "sha1_fingerprint": "9fbcfc6795f275cb7c30befe4fdc0d33ae7f736b"
              }
            ],
            "service_account_email_address": "p782660766900-lm8d2k@gcp-sa-cloud-sql.iam.gserviceaccount.com",
            "settings": [
              {
                "activation_policy": "ALWAYS",
                "active_directory_config": [],
                "advanced_machine_features": [],
                "availability_type": "ZONAL",
                "backup_configuration": [
                  {
                    "backup_retention_settings": [
                      {
                        "retained_backups": 7,
                        "retention_unit": "COUNT"
                      }
                    ],
                    "binary_log_enabled": false,
                    "enabled": true,
                    "location": "",
                    "point_in_time_recovery_enabled": false,
                    "start_time": "08:00",
                    "transaction_log_retention_days": 7
                  }
                ],
                "collation": "",
                "connector_enforcement": "NOT_REQUIRED",
                "data_cache_config": [],
                "database_flags": [],
                "deletion_protection_enabled": false,
                "deny_maintenance_period": [],
                "disk_autoresize": true,
                "disk_autoresize_limit": 0,
                "disk_size": 10,
                "disk_type": "PD_SSD",
                "edition": "ENTERPRISE",
                "enable_dataplex_integration": false,
                "enable_google_ml_integration": false,
                "insights_config": [],
                "ip_configuration": [
                  {
                    "allocated_ip_range": "",
                    "authorized_networks": [
                      {
                        "expiration_time": "",
                        "name": "anywhere-dev",
                        "value": "0.0.0.0/0"
                      }
                    ],
                    "enable_private_path_for_google_cloud_services": false,
                    "ipv4_enabled": true,
                    "private_network": "projects/cs3-innovatech-hr-project/global/networks/innovatech-vpc",
                    "psc_config": [],
                    "require_ssl": false,
                    "server_ca_mode": "GOOGLE_MANAGED_INTERNAL_CA",
                    "ssl_mode": ""
                  }
                ],
                "location_preference": [
                  {
                    "follow_gae_application": "",
                    "secondary_zone": "",
                    "zone": "europe-west1-d"
                  }
                ],
                "maintenance_window": [],
                "password_validation_policy": [],
                "pricing_plan": "PER_USE",
                "sql_server_audit_config": [],
                "tier": "db-custom-1-3840",
                "time_zone": "",
                "user_labels": {},
                "version": 3
              }
            ],
            "timeouts": null
          },
          "sensitive_attributes": [
            [
              {
                "type": "get_attr",
                "value": "server_ca_cert"
              }
            ],
            [
              {
                "type": "get_attr",
                "value": "root_password"
              }
            ]
          ],
          "private": "eyJlMmJmYjczMC1lY2FhLTExZTYtOGY4OC0zNDM2M2JjN2M0YzAiOnsiY3JlYXRlIjo1NDAwMDAwMDAwMDAwLCJkZWxldGUiOjU0MDAwMDAwMDAwMDAsInVwZGF0ZSI6NTQwMDAwMDAwMDAwMH19",
          "dependencies": [
            "google_compute_global_address.sql_private_ip",
            "google_compute_network.vpc",
            "google_service_networking_connection.sql_vpc_connection"
          ]
        }
      ]
    }
  ],
  "check_results": null
}
