{
  "version": 4,
  "terraform_version": "1.9.5",
  "serial": 105,
  "lineage": "a785c1da-11d6-2b64-b89f-8b19d51bc786",
  "outputs": {},
  "resources": [
    {
      "mode": "managed",
      "type": "google_compute_global_address",
      "name": "sql_private_ip",
      "provider": "provider[\"registry.terraform.io/hashicorp/google\"]",
      "instances": [
        {
          "schema_version": 0,
          "attributes": {
            "address": "10.98.0.0",
            "address_type": "INTERNAL",
            "creation_timestamp": "2025-12-05T04:11:08.874-08:00",
            "description": "",
            "effective_labels": {},
            "id": "projects/cs3-innovatech-hr-project/global/addresses/sql-private-ip-range",
            "ip_version": "",
            "label_fingerprint": "42WmSpB8rSM=",
            "labels": {},
            "name": "sql-private-ip-range",
            "network": "https://www.googleapis.com/compute/v1/projects/cs3-innovatech-hr-project/global/networks/innovatech-vpc",
            "prefix_length": 16,
            "project": "cs3-innovatech-hr-project",
            "purpose": "VPC_PEERING",
            "self_link": "https://www.googleapis.com/compute/v1/projects/cs3-innovatech-hr-project/global/addresses/sql-private-ip-range",
            "terraform_labels": {},
            "timeouts": null
          },
          "sensitive_attributes": [],
          "private": "eyJlMmJmYjczMC1lY2FhLTExZTYtOGY4OC0zNDM2M2JjN2M0YzAiOnsiY3JlYXRlIjoxMjAwMDAwMDAwMDAwLCJkZWxldGUiOjEyMDAwMDAwMDAwMDAsInVwZGF0ZSI6MTIwMDAwMDAwMDAwMH19",
          "dependencies": [
            "google_compute_network.vpc"
          ]
        }
      ]
    },
    {
      "mode": "managed",
      "type": "google_compute_network",
      "name": "vpc",
      "provider": "provider[\"registry.terraform.io/hashicorp/google\"]",
      "instances": [
        {
          "schema_version": 0,
          "attributes": {
            "auto_create_subnetworks": false,
            "delete_default_routes_on_create": false,
            "description": "",
            "enable_ula_internal_ipv6": false,
            "gateway_ipv4": "",
            "id": "projects/cs3-innovatech-hr-project/global/networks/innovatech-vpc",
            "internal_ipv6_range": "",
            "mtu": 0,
            "name": "innovatech-vpc",
            "network_firewall_policy_enforcement_order": "AFTER_CLASSIC_FIREWALL",
            "numeric_id": "6135814059083866856",
            "project": "cs3-innovatech-hr-project",
            "routing_mode": "REGIONAL",
            "self_link": "https://www.googleapis.com/compute/v1/projects/cs3-innovatech-hr-project/global/networks/innovatech-vpc",
            "timeouts": null
          },
          "sensitive_attributes": [],
          "private": "eyJlMmJmYjczMC1lY2FhLTExZTYtOGY4OC0zNDM2M2JjN2M0YzAiOnsiY3JlYXRlIjoxMjAwMDAwMDAwMDAwLCJkZWxldGUiOjEyMDAwMDAwMDAwMDAsInVwZGF0ZSI6MTIwMDAwMDAwMDAwMH19"
        }
      ]
    },
    {
      "mode": "managed",
      "type": "google_service_networking_connection",
      "name": "sql_vpc_connection",
      "provider": "provider[\"registry.terraform.io/hashicorp/google\"]",
      "instances": [
        {
          "schema_version": 0,
          "attributes": {
            "deletion_policy": null,
            "id": "https%3A%2F%2Fwww.googleapis.com%2Fcompute%2Fv1%2Fprojects%2Fcs3-innovatech-hr-project%2Fglobal%2Fnetworks%2Finnovatech-vpc:services%2Fservicenetworking.googleapis.com",
            "network": "https://www.googleapis.com/compute/v1/projects/cs3-innovatech-hr-project/global/networks/innovatech-vpc",
            "peering": "servicenetworking-googleapis-com",
            "reserved_peering_ranges": [
              "sql-private-ip-range"
            ],
            "service": "services/servicenetworking.googleapis.com",
            "timeouts": null,
            "update_on_creation_fail": null
          },
          "sensitive_attributes": [],
          "private": "eyJlMmJmYjczMC1lY2FhLTExZTYtOGY4OC0zNDM2M2JjN2M0YzAiOnsiY3JlYXRlIjo2MDAwMDAwMDAwMDAsImRlbGV0ZSI6NjAwMDAwMDAwMDAwLCJ1cGRhdGUiOjYwMDAwMDAwMDAwMH19",
          "dependencies": [
            "google_compute_global_address.sql_private_ip",
            "google_compute_network.vpc"
          ]
        }
      ]
    }
  ],
  "check_results": null
}
