{
  "version": 4,
  "terraform_version": "1.9.5",
  "serial": 94,
  "lineage": "a785c1da-11d6-2b64-b89f-8b19d51bc786",
  "outputs": {
    "gke_cluster_name": {
      "value": "innovatech-gke",
      "type": "string"
    },
    "network_name": {
      "value": "innovatech-vpc",
      "type": "string"
    },
    "sql_connection_name": {
      "value": "cs3-innovatech-hr-project:europe-west1:hr-postgres-db",
      "type": "string"
    },
    "sql_private_ip": {
      "value": "10.98.0.3",
      "type": "string"
    }
  },
  "resources": [
    {
      "mode": "managed",
      "type": "google_compute_firewall",
      "name": "allow_https",
      "provider": "provider[\"registry.terraform.io/hashicorp/google\"]",
      "instances": [
        {
          "schema_version": 1,
          "attributes": {
            "allow": [
              {
                "ports": [
                  "443"
                ],
                "protocol": "tcp"
              }
            ],
            "creation_timestamp": "2025-12-05T04:11:08.741-08:00",
            "deny": [],
            "description": "",
            "destination_ranges": [],
            "direction": "INGRESS",
            "disabled": false,
            "enable_logging": null,
            "id": "projects/cs3-innovatech-hr-project/global/firewalls/innovatech-vpc-allow-https",
            "log_config": [],
            "name": "innovatech-vpc-allow-https",
            "network": "https://www.googleapis.com/compute/v1/projects/cs3-innovatech-hr-project/global/networks/innovatech-vpc",
            "priority": 1000,
            "project": "cs3-innovatech-hr-project",
            "self_link": "https://www.googleapis.com/compute/v1/projects/cs3-innovatech-hr-project/global/firewalls/innovatech-vpc-allow-https",
            "source_ranges": [
              "0.0.0.0/0"
            ],
            "source_service_accounts": [],
            "source_tags": [],
            "target_service_accounts": [],
            "target_tags": [],
            "timeouts": null
          },
          "sensitive_attributes": [],
          "private": "eyJlMmJmYjczMC1lY2FhLTExZTYtOGY4OC0zNDM2M2JjN2M0YzAiOnsiY3JlYXRlIjoxMjAwMDAwMDAwMDAwLCJkZWxldGUiOjEyMDAwMDAwMDAwMDAsInVwZGF0ZSI6MTIwMDAwMDAwMDAwMH0sInNjaGVtYV92ZXJzaW9uIjoiMSJ9",
          "dependencies": [
            "google_compute_network.vpc"
          ]
        }
      ]
    },
    {
      "mode": "managed",
      "type": "google_compute_firewall",
      "name": "allow_internal",
      "provider": "provider[\"registry.terraform.io/hashicorp/google\"]",
      "instances": [
        {
          "schema_version": 1,
          "attributes": {
            "allow": [
              {
                "ports": [
                  "0-65535"
                ],
                "protocol": "tcp"
              },
              {
                "ports": [
                  "0-65535"
                ],
                "protocol": "udp"
              }
            ],
            "creation_timestamp": "2025-12-05T04:11:08.744-08:00",
            "deny": [],
            "description": "",
            "destination_ranges": [],
            "direction": "INGRESS",
            "disabled": false,
            "enable_logging": null,
            "id": "projects/cs3-innovatech-hr-project/global/firewalls/innovatech-vpc-allow-internal",
            "log_config": [],
            "name": "innovatech-vpc-allow-internal",
            "network": "https://www.googleapis.com/compute/v1/projects/cs3-innovatech-hr-project/global/networks/innovatech-vpc",
            "priority": 1000,
            "project": "cs3-innovatech-hr-project",
            "self_link": "https://www.googleapis.com/compute/v1/projects/cs3-innovatech-hr-project/global/firewalls/innovatech-vpc-allow-internal",
            "source_ranges": [
              "10.10.1.0/24",
              "10.10.2.0/24",
              "10.10.3.0/24"
            ],
            "source_service_accounts": [],
            "source_tags": [],
            "target_service_accounts": [],
            "target_tags": [],
            "timeouts": null
          },
          "sensitive_attributes": [],
          "private": "eyJlMmJmYjczMC1lY2FhLTExZTYtOGY4OC0zNDM2M2JjN2M0YzAiOnsiY3JlYXRlIjoxMjAwMDAwMDAwMDAwLCJkZWxldGUiOjEyMDAwMDAwMDAwMDAsInVwZGF0ZSI6MTIwMDAwMDAwMDAwMH0sInNjaGVtYV92ZXJzaW9uIjoiMSJ9",
          "dependencies": [
            "google_compute_network.vpc"
          ]
        }
      ]
    },
    {
      "mode": "managed",
      "type": "google_compute_global_address",
      "name": "sql_private_ip",
      "provider": "provider[\"registry.terraform.io/hashicorp/google\"]",
      "instances": [
        {
          "schema_version": 0,
          "attributes": {
            "address": "10.98.0.0",
            "address_type": "INTERNAL",
            "creation_timestamp": "2025-12-05T04:11:08.874-08:00",
            "description": "",
            "effective_labels": {},
            "id": "projects/cs3-innovatech-hr-project/global/addresses/sql-private-ip-range",
            "ip_version": "",
            "label_fingerprint": "42WmSpB8rSM=",
            "labels": {},
            "name": "sql-private-ip-range",
            "network": "https://www.googleapis.com/compute/v1/projects/cs3-innovatech-hr-project/global/networks/innovatech-vpc",
            "prefix_length": 16,
            "project": "cs3-innovatech-hr-project",
            "purpose": "VPC_PEERING",
            "self_link": "https://www.googleapis.com/compute/v1/projects/cs3-innovatech-hr-project/global/addresses/sql-private-ip-range",
            "terraform_labels": {},
            "timeouts": null
          },
          "sensitive_attributes": [],
          "private": "eyJlMmJmYjczMC1lY2FhLTExZTYtOGY4OC0zNDM2M2JjN2M0YzAiOnsiY3JlYXRlIjoxMjAwMDAwMDAwMDAwLCJkZWxldGUiOjEyMDAwMDAwMDAwMDAsInVwZGF0ZSI6MTIwMDAwMDAwMDAwMH19",
          "dependencies": [
            "google_compute_network.vpc"
          ]
        }
      ]
    },
    {
      "mode": "managed",
      "type": "google_compute_network",
      "name": "vpc",
      "provider": "provider[\"registry.terraform.io/hashicorp/google\"]",
      "instances": [
        {
          "schema_version": 0,
          "attributes": {
            "auto_create_subnetworks": false,
            "delete_default_routes_on_create": false,
            "description": "",
            "enable_ula_internal_ipv6": false,
            "gateway_ipv4": "",
            "id": "projects/cs3-innovatech-hr-project/global/networks/innovatech-vpc",
            "internal_ipv6_range": "",
            "mtu": 0,
            "name": "innovatech-vpc",
            "network_firewall_policy_enforcement_order": "AFTER_CLASSIC_FIREWALL",
            "numeric_id": "6135814059083866856",
            "project": "cs3-innovatech-hr-project",
            "routing_mode": "REGIONAL",
            "self_link": "https://www.googleapis.com/compute/v1/projects/cs3-innovatech-hr-project/global/networks/innovatech-vpc",
            "timeouts": null
          },
          "sensitive_attributes": [],
          "private": "eyJlMmJmYjczMC1lY2FhLTExZTYtOGY4OC0zNDM2M2JjN2M0YzAiOnsiY3JlYXRlIjoxMjAwMDAwMDAwMDAwLCJkZWxldGUiOjEyMDAwMDAwMDAwMDAsInVwZGF0ZSI6MTIwMDAwMDAwMDAwMH19"
        }
      ]
    },
    {
      "mode": "managed",
      "type": "google_compute_subnetwork",
      "name": "automation",
      "provider": "provider[\"registry.terraform.io/hashicorp/google\"]",
      "instances": [
        {
          "schema_version": 0,
          "attributes": {
            "creation_timestamp": "2025-12-05T04:11:09.085-08:00",
            "description": "",
            "external_ipv6_prefix": "",
            "fingerprint": null,
            "gateway_address": "10.10.2.1",
            "id": "projects/cs3-innovatech-hr-project/regions/europe-west1/subnetworks/innovatech-vpc-automation",
            "internal_ipv6_prefix": "",
            "ip_cidr_range": "10.10.2.0/24",
            "ipv6_access_type": "",
            "ipv6_cidr_range": "",
            "log_config": [],
            "name": "innovatech-vpc-automation",
            "network": "https://www.googleapis.com/compute/v1/projects/cs3-innovatech-hr-project/global/networks/innovatech-vpc",
            "private_ip_google_access": false,
            "private_ipv6_google_access": "DISABLE_GOOGLE_ACCESS",
            "project": "cs3-innovatech-hr-project",
            "purpose": "PRIVATE",
            "region": "europe-west1",
            "role": "",
            "secondary_ip_range": [],
            "self_link": "https://www.googleapis.com/compute/v1/projects/cs3-innovatech-hr-project/regions/europe-west1/subnetworks/innovatech-vpc-automation",
            "send_secondary_ip_range_if_empty": null,
            "stack_type": "IPV4_ONLY",
            "timeouts": null
          },
          "sensitive_attributes": [],
          "private": "eyJlMmJmYjczMC1lY2FhLTExZTYtOGY4OC0zNDM2M2JjN2M0YzAiOnsiY3JlYXRlIjoxMjAwMDAwMDAwMDAwLCJkZWxldGUiOjEyMDAwMDAwMDAwMDAsInVwZGF0ZSI6MTIwMDAwMDAwMDAwMH19",
          "dependencies": [
            "google_compute_network.vpc"
          ]
        }
      ]
    },
    {
      "mode": "managed",
      "type": "google_compute_subnetwork",
      "name": "hr_app",
      "provider": "provider[\"registry.terraform.io/hashicorp/google\"]",
      "instances": []
    },
    {
      "mode": "managed",
      "type": "google_compute_subnetwork",
      "name": "monitoring",
      "provider": "provider[\"registry.terraform.io/hashicorp/google\"]",
      "instances": [
        {
          "schema_version": 0,
          "attributes": {
            "creation_timestamp": "2025-12-05T04:11:09.074-08:00",
            "description": "",
            "external_ipv6_prefix": "",
            "fingerprint": null,
            "gateway_address": "10.10.3.1",
            "id": "projects/cs3-innovatech-hr-project/regions/europe-west1/subnetworks/innovatech-vpc-monitoring",
            "internal_ipv6_prefix": "",
            "ip_cidr_range": "10.10.3.0/24",
            "ipv6_access_type": "",
            "ipv6_cidr_range": "",
            "log_config": [],
            "name": "innovatech-vpc-monitoring",
            "network": "https://www.googleapis.com/compute/v1/projects/cs3-innovatech-hr-project/global/networks/innovatech-vpc",
            "private_ip_google_access": false,
            "private_ipv6_google_access": "DISABLE_GOOGLE_ACCESS",
            "project": "cs3-innovatech-hr-project",
            "purpose": "PRIVATE",
            "region": "europe-west1",
            "role": "",
            "secondary_ip_range": [],
            "self_link": "https://www.googleapis.com/compute/v1/projects/cs3-innovatech-hr-project/regions/europe-west1/subnetworks/innovatech-vpc-monitoring",
            "send_secondary_ip_range_if_empty": null,
            "stack_type": "IPV4_ONLY",
            "timeouts": null
          },
          "sensitive_attributes": [],
          "private": "eyJlMmJmYjczMC1lY2FhLTExZTYtOGY4OC0zNDM2M2JjN2M0YzAiOnsiY3JlYXRlIjoxMjAwMDAwMDAwMDAwLCJkZWxldGUiOjEyMDAwMDAwMDAwMDAsInVwZGF0ZSI6MTIwMDAwMDAwMDAwMH19",
          "dependencies": [
            "google_compute_network.vpc"
          ]
        }
      ]
    },
    {
      "mode": "managed",
      "type": "google_container_cluster",
      "name": "primary",
      "provider": "provider[\"registry.terraform.io/hashicorp/google\"]",
      "instances": [
        {
          "schema_version": 2,
          "attributes": {
            "addons_config": [
              {
                "cloudrun_config": [],
                "config_connector_config": [],
                "dns_cache_config": [],
                "gce_persistent_disk_csi_driver_config": [
                  {
                    "enabled": true
                  }
                ],
                "gcp_filestore_csi_driver_config": [],
                "gcs_fuse_csi_driver_config": [],
                "gke_backup_agent_config": [],
                "horizontal_pod_autoscaling": [],
                "http_load_balancing": [],
                "network_policy_config": [
                  {
                    "disabled": true
                  }
                ],
                "ray_operator_config": [],
                "stateful_ha_config": []
              }
            ],
            "allow_net_admin": null,
            "authenticator_groups_config": [],
            "binary_authorization": [
              {
                "enabled": false,
                "evaluation_mode": ""
              }
            ],
            "cluster_autoscaling": [
              {
                "auto_provisioning_defaults": [],
                "auto_provisioning_locations": [],
                "autoscaling_profile": "BALANCED",
                "enabled": false,
                "resource_limits": []
              }
            ],
            "cluster_ipv4_cidr": "10.0.0.0/14",
            "confidential_nodes": [],
            "cost_management_config": [],
            "database_encryption": [
              {
                "key_name": "",
                "state": "DECRYPTED"
              }
            ],
            "datapath_provider": "",
            "default_max_pods_per_node": 110,
            "default_snat_status": [
              {
                "disabled": false
              }
            ],
            "deletion_protection": true,
            "description": "",
            "dns_config": [],
            "enable_autopilot": false,
            "enable_cilium_clusterwide_network_policy": false,
            "enable_intranode_visibility": false,
            "enable_k8s_beta_apis": [],
            "enable_kubernetes_alpha": false,
            "enable_l4_ilb_subsetting": false,
            "enable_legacy_abac": false,
            "enable_multi_networking": false,
            "enable_shielded_nodes": true,
            "enable_tpu": false,
            "endpoint": "34.140.209.18",
            "fleet": [],
            "gateway_api_config": [],
            "id": "projects/cs3-innovatech-hr-project/locations/europe-west1-b/clusters/innovatech-gke",
            "identity_service_config": [],
            "initial_node_count": 1,
            "ip_allocation_policy": [
              {
                "additional_pod_ranges_config": [],
                "cluster_ipv4_cidr_block": "10.0.0.0/14",
                "cluster_secondary_range_name": "gke-innovatech-gke-pods-b4849060",
                "pod_cidr_overprovision_config": [
                  {
                    "disabled": false
                  }
                ],
                "services_ipv4_cidr_block": "34.118.224.0/20",
                "services_secondary_range_name": "",
                "stack_type": "IPV4"
              }
            ],
            "label_fingerprint": "a9dc16a7",
            "location": "europe-west1-b",
            "logging_config": [
              {
                "enable_components": [
                  "SYSTEM_COMPONENTS",
                  "WORKLOADS"
                ]
              }
            ],
            "logging_service": "logging.googleapis.com/kubernetes",
            "maintenance_policy": [],
            "master_auth": [
              {
                "client_certificate": "",
                "client_certificate_config": [
                  {
                    "issue_client_certificate": false
                  }
                ],
                "client_key": "",
                "cluster_ca_certificate": "LS0tLS1CRUdJTiBDRVJUSUZJQ0FURS0tLS0tCk1JSUVMVENDQXBXZ0F3SUJBZ0lSQU0vRUdFZFVHVXZnaTNjU0IrSnNXK2N3RFFZSktvWklodmNOQVFFTEJRQXcKTHpFdE1Dc0dBMVVFQXhNa04yWXdNbVpsTmpRdE1tRmpaaTAwWlRZekxUbGlNREF0TkdZeVpXUTFNalpoT0RjdwpNQ0FYRFRJMU1USXdOREUzTkRJeE4xb1lEekl3TlRVeE1USTNNVGcwTWpFM1dqQXZNUzB3S3dZRFZRUURFeVEzClpqQXlabVUyTkMweVlXTm1MVFJsTmpNdE9XSXdNQzAwWmpKbFpEVXlObUU0TnpBd2dnR2lNQTBHQ1NxR1NJYjMKRFFFQkFRVUFBNElCandBd2dnR0tBb0lCZ1FEYUJlWVJ2WXNPK2lVdHIrRDV5Y3JzK3ZRZmJXRE5BVTJPMXk2dgpNakdtSjBtU1hvcDZzVG1BUnhwWDZ0MjM4WHNzU0ZZdEVnbHAwWFJUSGp5QndQcWo4dTZWbXNBMWdGMjdyUzk3CldMblJINW1LWlRZYVl6UXl1dmJodkIvbHdnU2JPTWdzaWNLd1dWdEp0U2lYeHJGWXc1UnhuNjN6RjdNcVBkeEkKRkZ4M3VidXp5MFY2Zk5LcWx0UGNNWm1ZREhmTm5LWE1FQ0ZYQ2wwREZSV0h1UDVCY0dncXVTaEFDaFlKeWZDYwprdUtXV1VpTEN3NmJGNWNLeXJwMHBvUUJtV281TGpxQlJQbjRLT2lyQURJZWZ3L1VOVjlmdXNIdlpqblUzbU9HCmIyUjZXOHB5c1pBQ1BoYlMyVXVKeWViYjBhUk5YbzNPZi9hdHJwcWtlVktUUWsva1R0S1l4SGduTlVwczNoNm4KMWdXNG1Fckt5aXlJYUg0Sm52R3RVMy94T01kaXRXb1JtZjFaODEvaVJTbGxjSklKQm00TmttTmhGd3FHSHpaMgo0c1VmdE9SQ05QRjlJUk1XMTVaOVBydmhWbE8rUXBVK2xPdXlQRGtoV3dvQkM3R3NnMXl0MGFHZG1YVGxZNnE4CmpuTWZjOTV0cmw0Vzc1RDVyZWowZ25GSlNhMENBd0VBQWFOQ01FQXdEZ1lEVlIwUEFRSC9CQVFEQWdJRU1BOEcKQTFVZEV3RUIvd1FGTUFNQkFmOHdIUVlEVlIwT0JCWUVGRkVIM20zcEtqYnc0NDhOYjJuT2hvZHAyc1h5TUEwRwpDU3FHU0liM0RRRUJDd1VBQTRJQmdRQTVpK1N4OXlTSFN2bnQ0VVVSSnVUcDVOcGc3ZnlGdWFmVFpxcEl2RWpqCmhuMmNsMzFCdXZTM2pQUjduZUpVOUNRR1hhOHRvM05BSW1iU1YxR2JybFhESXNBMkJDOUtUc0dPSk0vNWNsLzMKWjF5K1VZN0JjNWxNcW1oU2o4VDJjRTZqNk90MDVWck9LMUtWU0xlWDRxYUNnRUVacHB4RlVZVlpTbGNwU0NOQgpkd2xDTTFaZC9DZXVnb2hJWVdKYm54MEJ6U2s1M0k4L0tieDNIK2tURnc5RitQWG1CbndleWloekFodVByRGVyCkpLTGxvSTV2TU9qNGRjOXlKQ3M0blJRS05pK2lwYnltVWQzZ1N5QThHTnRhQ050NXJkU2U0cm1Ld1d6b2c1K0QKcGRSMWh2MjNoSmRJdkcyd2R5NE9yUms4aXJOd3ZTSUFuaWdqNU5ydWp4UVZvcnA2RGs3WUpPTEJMcTJMb3VuZAo4a0VDeTNDVE50c3RHWU1icmN5bVNiSlhhOERCTE9KajBDbEN1VDlEdXNIdDJuT1BMNGxCZE9paWFEUXVqQWhSCnhvQ1dQTlZLdW5vQ25tSlU0bHc0MWRzbGI3RUpWdDFMMmtoWkQrSjZaYmZUWldyYjJkazl3cUhoVEEwM3lUSXUKQWNaYVJ1U1V2UWR5bUlPWlloM2txT3M9Ci0tLS0tRU5EIENFUlRJRklDQVRFLS0tLS0K"
              }
            ],
            "master_authorized_networks_config": [],
            "master_version": "1.33.5-gke.1201000",
            "mesh_certificates": [],
            "min_master_version": null,
            "monitoring_config": [
              {
                "advanced_datapath_observability_config": [
                  {
                    "enable_metrics": false,
                    "enable_relay": false,
                    "relay_mode": "DISABLED"
                  }
                ],
                "enable_components": [
                  "SYSTEM_COMPONENTS",
                  "DEPLOYMENT",
                  "STATEFULSET",
                  "JOBSET",
                  "STORAGE",
                  "HPA",
                  "POD",
                  "DAEMONSET",
                  "CADVISOR",
                  "KUBELET",
                  "DCGM"
                ],
                "managed_prometheus": [
                  {
                    "enabled": true
                  }
                ]
              }
            ],
            "monitoring_service": "monitoring.googleapis.com/kubernetes",
            "name": "innovatech-gke",
            "network": "projects/cs3-innovatech-hr-project/global/networks/innovatech-vpc",
            "network_policy": [
              {
                "enabled": false,
                "provider": "PROVIDER_UNSPECIFIED"
              }
            ],
            "networking_mode": "VPC_NATIVE",
            "node_config": [],
            "node_locations": [],
            "node_pool": [],
            "node_pool_auto_config": [
              {
                "network_tags": [],
                "node_kubelet_config": [
                  {
                    "insecure_kubelet_readonly_port_enabled": "FALSE"
                  }
                ],
                "resource_manager_tags": {}
              }
            ],
            "node_pool_defaults": [
              {
                "node_config_defaults": [
                  {
                    "containerd_config": [],
                    "insecure_kubelet_readonly_port_enabled": "FALSE",
                    "logging_variant": "DEFAULT"
                  }
                ]
              }
            ],
            "node_version": "1.33.5-gke.1201000",
            "notification_config": [
              {
                "pubsub": [
                  {
                    "enabled": false,
                    "filter": [],
                    "topic": ""
                  }
                ]
              }
            ],
            "operation": null,
            "private_cluster_config": [
              {
                "enable_private_endpoint": false,
                "enable_private_nodes": true,
                "master_global_access_config": [
                  {
                    "enabled": false
                  }
                ],
                "master_ipv4_cidr_block": "172.16.0.0/28",
                "peering_name": "",
                "private_endpoint": "172.16.0.2",
                "private_endpoint_subnetwork": "",
                "public_endpoint": "34.140.209.18"
              }
            ],
            "private_ipv6_google_access": "",
            "project": "cs3-innovatech-hr-project",
            "release_channel": [
              {
                "channel": "REGULAR"
              }
            ],
            "remove_default_node_pool": true,
            "resource_labels": {},
            "resource_usage_export_config": [],
            "security_posture_config": [
              {
                "mode": "BASIC",
                "vulnerability_mode": "VULNERABILITY_MODE_UNSPECIFIED"
              }
            ],
            "self_link": "https://container.googleapis.com/v1/projects/cs3-innovatech-hr-project/zones/europe-west1-b/clusters/innovatech-gke",
            "service_external_ips_config": [
              {
                "enabled": false
              }
            ],
            "services_ipv4_cidr": "34.118.224.0/20",
            "subnetwork": "projects/cs3-innovatech-hr-project/regions/europe-west1/subnetworks/innovatech-vpc-hr-app",
            "timeouts": null,
            "tpu_ipv4_cidr_block": "",
            "vertical_pod_autoscaling": [],
            "workload_identity_config": [
              {
                "workload_pool": "cs3-innovatech-hr-project.svc.id.goog"
              }
            ]
          },
          "sensitive_attributes": [
            [
              {
                "type": "get_attr",
                "value": "master_auth"
              },
              {
                "type": "index",
                "value": {
                  "value": 0,
                  "type": "number"
                }
              },
              {
                "type": "get_attr",
                "value": "client_key"
              }
            ]
          ],
          "private": "eyJlMmJmYjczMC1lY2FhLTExZTYtOGY4OC0zNDM2M2JjN2M0YzAiOnsiY3JlYXRlIjoyNDAwMDAwMDAwMDAwLCJkZWxldGUiOjI0MDAwMDAwMDAwMDAsInJlYWQiOjI0MDAwMDAwMDAwMDAsInVwZGF0ZSI6MzYwMDAwMDAwMDAwMH0sInNjaGVtYV92ZXJzaW9uIjoiMiJ9",
          "dependencies": [
            "google_compute_network.vpc",
            "google_compute_subnetwork.hr_app"
          ]
        }
      ]
    },
    {
      "mode": "managed",
      "type": "google_service_account",
      "name": "gke_sa",
      "provider": "provider[\"registry.terraform.io/hashicorp/google\"]",
      "instances": [
        {
          "schema_version": 0,
          "attributes": {
            "account_id": "gke-cluster-sa",
            "create_ignore_already_exists": null,
            "description": "",
            "disabled": false,
            "display_name": "GKE Cluster Service Account",
            "email": "gke-cluster-sa@cs3-innovatech-hr-project.iam.gserviceaccount.com",
            "id": "projects/cs3-innovatech-hr-project/serviceAccounts/gke-cluster-sa@cs3-innovatech-hr-project.iam.gserviceaccount.com",
            "member": "serviceAccount:gke-cluster-sa@cs3-innovatech-hr-project.iam.gserviceaccount.com",
            "name": "projects/cs3-innovatech-hr-project/serviceAccounts/gke-cluster-sa@cs3-innovatech-hr-project.iam.gserviceaccount.com",
            "project": "cs3-innovatech-hr-project",
            "timeouts": null,
            "unique_id": "101770327715353920216"
          },
          "sensitive_attributes": [],
          "private": "eyJlMmJmYjczMC1lY2FhLTExZTYtOGY4OC0zNDM2M2JjN2M0YzAiOnsiY3JlYXRlIjozMDAwMDAwMDAwMDB9fQ=="
        }
      ]
    },
    {
      "mode": "managed",
      "type": "google_service_networking_connection",
      "name": "sql_vpc_connection",
      "provider": "provider[\"registry.terraform.io/hashicorp/google\"]",
      "instances": [
        {
          "schema_version": 0,
          "attributes": {
            "deletion_policy": null,
            "id": "https%3A%2F%2Fwww.googleapis.com%2Fcompute%2Fv1%2Fprojects%2Fcs3-innovatech-hr-project%2Fglobal%2Fnetworks%2Finnovatech-vpc:services%2Fservicenetworking.googleapis.com",
            "network": "https://www.googleapis.com/compute/v1/projects/cs3-innovatech-hr-project/global/networks/innovatech-vpc",
            "peering": "servicenetworking-googleapis-com",
            "reserved_peering_ranges": [
              "sql-private-ip-range"
            ],
            "service": "services/servicenetworking.googleapis.com",
            "timeouts": null,
            "update_on_creation_fail": null
          },
          "sensitive_attributes": [],
          "private": "eyJlMmJmYjczMC1lY2FhLTExZTYtOGY4OC0zNDM2M2JjN2M0YzAiOnsiY3JlYXRlIjo2MDAwMDAwMDAwMDAsImRlbGV0ZSI6NjAwMDAwMDAwMDAwLCJ1cGRhdGUiOjYwMDAwMDAwMDAwMH19",
          "dependencies": [
            "google_compute_global_address.sql_private_ip",
            "google_compute_network.vpc"
          ]
        }
      ]
    },
    {
      "mode": "managed",
      "type": "google_sql_database",
      "name": "hr_db",
      "provider": "provider[\"registry.terraform.io/hashicorp/google\"]",
      "instances": [
        {
          "schema_version": 0,
          "attributes": {
            "charset": "UTF8",
            "collation": "en_US.UTF8",
            "deletion_policy": "DELETE",
            "id": "projects/cs3-innovatech-hr-project/instances/hr-postgres-db/databases/hr_employees",
            "instance": "hr-postgres-db",
            "name": "hr_employees",
            "project": "cs3-innovatech-hr-project",
            "self_link": "https://sqladmin.googleapis.com/sql/v1beta4/projects/cs3-innovatech-hr-project/instances/hr-postgres-db/databases/hr_employees",
            "timeouts": null
          },
          "sensitive_attributes": [],
          "private": "eyJlMmJmYjczMC1lY2FhLTExZTYtOGY4OC0zNDM2M2JjN2M0YzAiOnsiY3JlYXRlIjoxMjAwMDAwMDAwMDAwLCJkZWxldGUiOjEyMDAwMDAwMDAwMDAsInVwZGF0ZSI6MTIwMDAwMDAwMDAwMH19",
          "dependencies": [
            "google_compute_global_address.sql_private_ip",
            "google_compute_network.vpc",
            "google_service_networking_connection.sql_vpc_connection",
            "google_sql_database_instance.hr"
          ]
        }
      ]
    },
    {
      "mode": "managed",
      "type": "google_sql_database_instance",
      "name": "hr",
      "provider": "provider[\"registry.terraform.io/hashicorp/google\"]",
      "instances": [
        {
          "schema_version": 0,
          "attributes": {
            "available_maintenance_versions": [],
            "clone": [],
            "connection_name": "cs3-innovatech-hr-project:europe-west1:hr-postgres-db",
            "database_version": "POSTGRES_15",
            "deletion_protection": false,
            "dns_name": "",
            "encryption_key_name": null,
            "first_ip_address": "10.98.0.3",
            "id": "hr-postgres-db",
            "instance_type": "CLOUD_SQL_INSTANCE",
            "ip_address": [
              {
                "ip_address": "10.98.0.3",
                "time_to_retire": "",
                "type": "PRIVATE"
              }
            ],
            "maintenance_version": "POSTGRES_15_15.R20251004.01_19",
            "master_instance_name": "",
            "name": "hr-postgres-db",
            "private_ip_address": "10.98.0.3",
            "project": "cs3-innovatech-hr-project",
            "psc_service_attachment_link": "",
            "public_ip_address": "",
            "region": "europe-west1",
            "replica_configuration": [],
            "restore_backup_context": [],
            "root_password": null,
            "self_link": "https://sqladmin.googleapis.com/sql/v1beta4/projects/cs3-innovatech-hr-project/instances/hr-postgres-db",
            "server_ca_cert": [
              {
                "cert": "-----BEGIN CERTIFICATE-----\nMIIDfzCCAmegAwIBAgIBADANBgkqhkiG9w0BAQsFADB3MS0wKwYDVQQuEyRkNWJk\nNTJiMS0yMjgwLTQ4MjctOTZhZC1jMjg3YjA3NzM5ZWExIzAhBgNVBAMTGkdvb2ds\nZSBDbG91ZCBTUUwgU2VydmVyIENBMRQwEgYDVQQKEwtHb29nbGUsIEluYzELMAkG\nA1UEBhMCVVMwHhcNMjUxMjA1MTIxNDQ4WhcNMzUxMjAzMTIxNTQ4WjB3MS0wKwYD\nVQQuEyRkNWJkNTJiMS0yMjgwLTQ4MjctOTZhZC1jMjg3YjA3NzM5ZWExIzAhBgNV\nBAMTGkdvb2dsZSBDbG91ZCBTUUwgU2VydmVyIENBMRQwEgYDVQQKEwtHb29nbGUs\nIEluYzELMAkGA1UEBhMCVVMwggEiMA0GCSqGSIb3DQEBAQUAA4IBDwAwggEKAoIB\nAQDQT0aRTrFcu2po9XiJlwr/aXY5jrJU1HirHY8SpvSXypI6FQzU7zaI7dzT4tvj\nevUdnM5Di5Rvt50eytOqSGhdQEs0JqIYHdMcSrO6dp8yHnkLjXgz4uOzwpQSyXkj\ntxe2FekVuMmDvVDgJaw4d8J19Von5+3r3XWtguk2BxyoZ0YoQtUCs/cZZZfiWHDM\nVJek6w75TTSMHSW2HK3Nd0BNJFglhpPwsOSLewbd7yX4MElm0SM/9YW3UDRRRth1\naOpMXa7cq8WACYZOOUxZYWIiLEuhtsKifIs6f3Z/Py/fD4U8NV+k21BBq63eibkP\niK87sRkV7GpQvvfM0uOraa9RAgMBAAGjFjAUMBIGA1UdEwEB/wQIMAYBAf8CAQAw\nDQYJKoZIhvcNAQELBQADggEBAABtSH2C8fjgo40mi0yizHJ/BPFODcrr8kze50yl\nsEKuJ8mUzmBjaWROlLogQJ/hFcxUXP/O6PLnCleCP25Cv9VeR21soBsAbcvI2m7i\nEc8dMAUzjLvkMEuQUKCYAWYUOjyqIaX8uk7buL35VM8hET0b3lmcpZGdFN+/x9M3\nPPf4CGJXx5/JcS+IoIePz+rhNjB27ydEBpJx5+wr+pFnbXuFCfGSfgMVyQ6Ccc5/\nRKCC7AnFQaj1XZTrXXdPO2fWDvfp8Zzf1DCNfwAekwYAB87x2VAC+QIRQEj3Yxw6\n3b5F0OoKAuC0H6jd/3wdiK8sgTZ/d8Mhvvzfeg7cAl7zyxI=\n-----END CERTIFICATE-----",
                "common_name": "C=US,O=Google\\, Inc,CN=Google Cloud SQL Server CA,dnQualifier=d5bd52b1-2280-4827-96ad-c287b07739ea",
                "create_time": "2025-12-05T12:14:48.557Z",
                "expiration_time": "2035-12-03T12:15:48.557Z",
                "sha1_fingerprint": "11955b69ca9ced772098f9c43655576af8b86b42"
              }
            ],
            "service_account_email_address": "p782660766900-e7uojv@gcp-sa-cloud-sql.iam.gserviceaccount.com",
            "settings": [
              {
                "activation_policy": "ALWAYS",
                "active_directory_config": [],
                "advanced_machine_features": [],
                "availability_type": "ZONAL",
                "backup_configuration": [
                  {
                    "backup_retention_settings": [
                      {
                        "retained_backups": 7,
                        "retention_unit": "COUNT"
                      }
                    ],
                    "binary_log_enabled": false,
                    "enabled": true,
                    "location": "",
                    "point_in_time_recovery_enabled": false,
                    "start_time": "05:00",
                    "transaction_log_retention_days": 7
                  }
                ],
                "collation": "",
                "connector_enforcement": "NOT_REQUIRED",
                "data_cache_config": [],
                "database_flags": [],
                "deletion_protection_enabled": false,
                "deny_maintenance_period": [],
                "disk_autoresize": true,
                "disk_autoresize_limit": 0,
                "disk_size": 10,
                "disk_type": "PD_SSD",
                "edition": "ENTERPRISE",
                "enable_dataplex_integration": false,
                "enable_google_ml_integration": false,
                "insights_config": [],
                "ip_configuration": [
                  {
                    "allocated_ip_range": "",
                    "authorized_networks": [],
                    "enable_private_path_for_google_cloud_services": false,
                    "ipv4_enabled": false,
                    "private_network": "projects/cs3-innovatech-hr-project/global/networks/innovatech-vpc",
                    "psc_config": [],
                    "require_ssl": false,
                    "server_ca_mode": "GOOGLE_MANAGED_INTERNAL_CA",
                    "ssl_mode": ""
                  }
                ],
                "location_preference": [
                  {
                    "follow_gae_application": "",
                    "secondary_zone": "",
                    "zone": "europe-west1-b"
                  }
                ],
                "maintenance_window": [],
                "password_validation_policy": [],
                "pricing_plan": "PER_USE",
                "sql_server_audit_config": [],
                "tier": "db-custom-1-3840",
                "time_zone": "",
                "user_labels": {},
                "version": 1
              }
            ],
            "timeouts": null
          },
          "sensitive_attributes": [
            [
              {
                "type": "get_attr",
                "value": "server_ca_cert"
              }
            ],
            [
              {
                "type": "get_attr",
                "value": "root_password"
              }
            ]
          ],
          "private": "eyJlMmJmYjczMC1lY2FhLTExZTYtOGY4OC0zNDM2M2JjN2M0YzAiOnsiY3JlYXRlIjo1NDAwMDAwMDAwMDAwLCJkZWxldGUiOjU0MDAwMDAwMDAwMDAsInVwZGF0ZSI6NTQwMDAwMDAwMDAwMH19",
          "dependencies": [
            "google_compute_global_address.sql_private_ip",
            "google_compute_network.vpc",
            "google_service_networking_connection.sql_vpc_connection"
          ]
        }
      ]
    },
    {
      "mode": "managed",
      "type": "google_sql_user",
      "name": "hr_user",
      "provider": "provider[\"registry.terraform.io/hashicorp/google\"]",
      "instances": [
        {
          "schema_version": 1,
          "attributes": {
            "deletion_policy": null,
            "host": "",
            "id": "hr_app_user//hr-postgres-db",
            "instance": "hr-postgres-db",
            "name": "hr_app_user",
            "password": "12345",
            "password_policy": [],
            "project": "cs3-innovatech-hr-project",
            "sql_server_user_details": [],
            "timeouts": null,
            "type": ""
          },
          "sensitive_attributes": [
            [
              {
                "type": "get_attr",
                "value": "password"
              }
            ]
          ],
          "private": "eyJlMmJmYjczMC1lY2FhLTExZTYtOGY4OC0zNDM2M2JjN2M0YzAiOnsiY3JlYXRlIjo2MDAwMDAwMDAwMDAsImRlbGV0ZSI6NjAwMDAwMDAwMDAwLCJ1cGRhdGUiOjYwMDAwMDAwMDAwMH0sInNjaGVtYV92ZXJzaW9uIjoiMSJ9",
          "dependencies": [
            "google_compute_global_address.sql_private_ip",
            "google_compute_network.vpc",
            "google_service_networking_connection.sql_vpc_connection",
            "google_sql_database_instance.hr"
          ]
        }
      ]
    }
  ],
  "check_results": null
}
