{
  "version": 4,
  "terraform_version": "1.9.5",
  "serial": 175,
  "lineage": "a785c1da-11d6-2b64-b89f-8b19d51bc786",
  "outputs": {},
  "resources": [
    {
      "mode": "managed",
      "type": "google_compute_global_address",
      "name": "sql_private_ip",
      "provider": "provider[\"registry.terraform.io/hashicorp/google\"]",
      "instances": [
        {
          "schema_version": 0,
          "attributes": {
            "address": "10.15.0.0",
            "address_type": "INTERNAL",
            "creation_timestamp": "2025-12-07T09:39:18.751-08:00",
            "description": "",
            "effective_labels": {},
            "id": "projects/cs3-innovatech-hr-project/global/addresses/sql-private-ip-range",
            "ip_version": "",
            "label_fingerprint": "42WmSpB8rSM=",
            "labels": {},
            "name": "sql-private-ip-range",
            "network": "https://www.googleapis.com/compute/v1/projects/cs3-innovatech-hr-project/global/networks/innovatech-vpc",
            "prefix_length": 16,
            "project": "cs3-innovatech-hr-project",
            "purpose": "VPC_PEERING",
            "self_link": "https://www.googleapis.com/compute/v1/projects/cs3-innovatech-hr-project/global/addresses/sql-private-ip-range",
            "terraform_labels": {},
            "timeouts": null
          },
          "sensitive_attributes": [],
          "private": "eyJlMmJmYjczMC1lY2FhLTExZTYtOGY4OC0zNDM2M2JjN2M0YzAiOnsiY3JlYXRlIjoxMjAwMDAwMDAwMDAwLCJkZWxldGUiOjEyMDAwMDAwMDAwMDAsInVwZGF0ZSI6MTIwMDAwMDAwMDAwMH0sInNjaGVtYV92ZXJzaW9uIjoiMCJ9",
          "dependencies": [
            "google_compute_network.vpc"
          ]
        }
      ]
    },
    {
      "mode": "managed",
      "type": "google_compute_network",
      "name": "vpc",
      "provider": "provider[\"registry.terraform.io/hashicorp/google\"]",
      "instances": [
        {
          "schema_version": 0,
          "attributes": {
            "auto_create_subnetworks": false,
            "delete_default_routes_on_create": false,
            "description": "",
            "enable_ula_internal_ipv6": false,
            "gateway_ipv4": "",
            "id": "projects/cs3-innovatech-hr-project/global/networks/innovatech-vpc",
            "internal_ipv6_range": "",
            "mtu": 0,
            "name": "innovatech-vpc",
            "network_firewall_policy_enforcement_order": "AFTER_CLASSIC_FIREWALL",
            "numeric_id": "6135814059083866856",
            "project": "cs3-innovatech-hr-project",
            "routing_mode": "REGIONAL",
            "self_link": "https://www.googleapis.com/compute/v1/projects/cs3-innovatech-hr-project/global/networks/innovatech-vpc",
            "timeouts": null
          },
          "sensitive_attributes": [],
          "private": "eyJlMmJmYjczMC1lY2FhLTExZTYtOGY4OC0zNDM2M2JjN2M0YzAiOnsiY3JlYXRlIjoxMjAwMDAwMDAwMDAwLCJkZWxldGUiOjEyMDAwMDAwMDAwMDAsInVwZGF0ZSI6MTIwMDAwMDAwMDAwMH0sInNjaGVtYV92ZXJzaW9uIjoiMCJ9"
        }
      ]
    },
    {
      "mode": "managed",
      "type": "google_service_networking_connection",
      "name": "sql_vpc_connection",
      "provider": "provider[\"registry.terraform.io/hashicorp/google\"]",
      "instances": [
        {
          "schema_version": 0,
          "attributes": {
            "deletion_policy": null,
            "id": "https%3A%2F%2Fwww.googleapis.com%2Fcompute%2Fv1%2Fprojects%2Fcs3-innovatech-hr-project%2Fglobal%2Fnetworks%2Finnovatech-vpc:services%2Fservicenetworking.googleapis.com",
            "network": "https://www.googleapis.com/compute/v1/projects/cs3-innovatech-hr-project/global/networks/innovatech-vpc",
            "peering": "servicenetworking-googleapis-com",
            "reserved_peering_ranges": [
              "sql-private-ip-range"
            ],
            "service": "services/servicenetworking.googleapis.com",
            "timeouts": null,
            "update_on_creation_fail": null
          },
          "sensitive_attributes": [],
          "private": "eyJlMmJmYjczMC1lY2FhLTExZTYtOGY4OC0zNDM2M2JjN2M0YzAiOnsiY3JlYXRlIjo2MDAwMDAwMDAwMDAsImRlbGV0ZSI6NjAwMDAwMDAwMDAwLCJ1cGRhdGUiOjYwMDAwMDAwMDAwMH19",
          "dependencies": [
            "google_compute_global_address.sql_private_ip",
            "google_compute_network.vpc"
          ]
        }
      ]
    },
    {
      "mode": "managed",
      "type": "google_sql_database_instance",
      "name": "hr",
      "provider": "provider[\"registry.terraform.io/hashicorp/google\"]",
      "instances": [
        {
          "schema_version": 0,
          "attributes": {
            "available_maintenance_versions": [],
            "clone": [],
            "connection_name": "cs3-innovatech-hr-project:europe-west1:hr-postgres-db",
            "database_version": "POSTGRES_15",
            "deletion_protection": false,
            "dns_name": "",
            "encryption_key_name": null,
            "first_ip_address": "35.205.240.27",
            "id": "hr-postgres-db",
            "instance_type": "CLOUD_SQL_INSTANCE",
            "ip_address": [
              {
                "ip_address": "35.205.240.27",
                "time_to_retire": "",
                "type": "PRIMARY"
              },
              {
                "ip_address": "34.79.214.5",
                "time_to_retire": "",
                "type": "OUTGOING"
              },
              {
                "ip_address": "10.15.0.5",
                "time_to_retire": "",
                "type": "PRIVATE"
              }
            ],
            "maintenance_version": "POSTGRES_15_15.R20251004.01_19",
            "master_instance_name": "",
            "name": "hr-postgres-db",
            "private_ip_address": "10.15.0.5",
            "project": "cs3-innovatech-hr-project",
            "psc_service_attachment_link": "",
            "public_ip_address": "35.205.240.27",
            "region": "europe-west1",
            "replica_configuration": [],
            "restore_backup_context": [],
            "root_password": null,
            "self_link": "https://sqladmin.googleapis.com/sql/v1beta4/projects/cs3-innovatech-hr-project/instances/hr-postgres-db",
            "server_ca_cert": [
              {
                "cert": "-----BEGIN CERTIFICATE-----\nMIIDfzCCAmegAwIBAgIBADANBgkqhkiG9w0BAQsFADB3MS0wKwYDVQQuEyQxZWY5\nOTUxNS0yMGYzLTQwM2ItOTYzYy0wZDVlMWExZjRmYzgxIzAhBgNVBAMTGkdvb2ds\nZSBDbG91ZCBTUUwgU2VydmVyIENBMRQwEgYDVQQKEwtHb29nbGUsIEluYzELMAkG\nA1UEBhMCVVMwHhcNMjUxMjA4MTU1MTI3WhcNMzUxMjA2MTU1MjI3WjB3MS0wKwYD\nVQQuEyQxZWY5OTUxNS0yMGYzLTQwM2ItOTYzYy0wZDVlMWExZjRmYzgxIzAhBgNV\nBAMTGkdvb2dsZSBDbG91ZCBTUUwgU2VydmVyIENBMRQwEgYDVQQKEwtHb29nbGUs\nIEluYzELMAkGA1UEBhMCVVMwggEiMA0GCSqGSIb3DQEBAQUAA4IBDwAwggEKAoIB\nAQCmC+sZ1yifZorwAVnxpkH2GuTUxY3NcdSKdcvXavqTQ25Cy+UYrjlZwzBKER7m\n/BOU9Htc5OuSd01iE0FISkYDlGQ1okFVqnwpC+n8IjJm2MGJPwXUOhQ+7bJL0VbB\nUh4hcFVXNB3tNl5jziHGjqfwfU8+RG8OqxVZcSINT+kSXWxLBKqW/sfs83Kg8mhH\nCHfqVOETyqxcxuTSyV//epRbgAwdeZ2/b31g55l/bPFTwoAp44ug/GXQU4aEDGw8\n0djbPlRmAfOhCfDg39wdWJ23+mJq/U0i2SHhPUq92tDJ6E3uVb6wTNzWZ4W3ndK4\nzFB7avVGkyxNSA9G+vQb1hu1AgMBAAGjFjAUMBIGA1UdEwEB/wQIMAYBAf8CAQAw\nDQYJKoZIhvcNAQELBQADggEBAA9889/p6n8A0tBSbtKfKDcWjpatTCHuqKutSidF\n7Ly2PXsuesN9FnL+KOSmv/KM17KeSYdjXGgBEkjQfnwYvnX2Mgat6lS4aTDAtA5D\nbvz/7Apt0l8XphzJN/kNAtEK+xFQWhUSjrjE58L+j34bNQkLHef+3YYx+0dYUgsX\nw+3dbUK2E3CY19k0N4dvbjD0UZ79V+NOrX8XbJB1bcTOB+gt0OB3pg24GGl45dMl\ngSWrEy2GW18SNwsFHfXLDLCFu/Nq6YX12xsRTH3lRBm6tN27728/RtUUp6nlG6kT\nr+fL7CH7WM+jsjXwtbBATX0IOnt45mOsE/iLqwesMj2pSRU=\n-----END CERTIFICATE-----",
                "common_name": "C=US,O=Google\\, Inc,CN=Google Cloud SQL Server CA,dnQualifier=1ef99515-20f3-403b-963c-0d5e1a1f4fc8",
                "create_time": "2025-12-08T15:51:27.572Z",
                "expiration_time": "2035-12-06T15:52:27.572Z",
                "sha1_fingerprint": "a735afaf4526a636b1b7fc52c3c442b751110453"
              }
            ],
            "service_account_email_address": "p782660766900-qynp2d@gcp-sa-cloud-sql.iam.gserviceaccount.com",
            "settings": [
              {
                "activation_policy": "ALWAYS",
                "active_directory_config": [],
                "advanced_machine_features": [],
                "availability_type": "ZONAL",
                "backup_configuration": [
                  {
                    "backup_retention_settings": [
                      {
                        "retained_backups": 7,
                        "retention_unit": "COUNT"
                      }
                    ],
                    "binary_log_enabled": false,
                    "enabled": true,
                    "location": "",
                    "point_in_time_recovery_enabled": false,
                    "start_time": "16:00",
                    "transaction_log_retention_days": 7
                  }
                ],
                "collation": "",
                "connector_enforcement": "NOT_REQUIRED",
                "data_cache_config": [],
                "database_flags": [],
                "deletion_protection_enabled": false,
                "deny_maintenance_period": [],
                "disk_autoresize": true,
                "disk_autoresize_limit": 0,
                "disk_size": 10,
                "disk_type": "PD_SSD",
                "edition": "ENTERPRISE",
                "enable_dataplex_integration": false,
                "enable_google_ml_integration": false,
                "insights_config": [],
                "ip_configuration": [
                  {
                    "allocated_ip_range": "",
                    "authorized_networks": [
                      {
                        "expiration_time": "",
                        "name": "anywhere-dev",
                        "value": "0.0.0.0"
                      }
                    ],
                    "enable_private_path_for_google_cloud_services": false,
                    "ipv4_enabled": true,
                    "private_network": "projects/cs3-innovatech-hr-project/global/networks/innovatech-vpc",
                    "psc_config": [],
                    "require_ssl": false,
                    "server_ca_mode": "GOOGLE_MANAGED_INTERNAL_CA",
                    "ssl_mode": ""
                  }
                ],
                "location_preference": [
                  {
                    "follow_gae_application": "",
                    "secondary_zone": "",
                    "zone": "europe-west1-b"
                  }
                ],
                "maintenance_window": [],
                "password_validation_policy": [],
                "pricing_plan": "PER_USE",
                "sql_server_audit_config": [],
                "tier": "db-custom-1-3840",
                "time_zone": "",
                "user_labels": {},
                "version": 6
              }
            ],
            "timeouts": null
          },
          "sensitive_attributes": [
            [
              {
                "type": "get_attr",
                "value": "server_ca_cert"
              }
            ],
            [
              {
                "type": "get_attr",
                "value": "root_password"
              }
            ]
          ],
          "private": "eyJlMmJmYjczMC1lY2FhLTExZTYtOGY4OC0zNDM2M2JjN2M0YzAiOnsiY3JlYXRlIjo1NDAwMDAwMDAwMDAwLCJkZWxldGUiOjU0MDAwMDAwMDAwMDAsInVwZGF0ZSI6NTQwMDAwMDAwMDAwMH19",
          "dependencies": [
            "google_compute_global_address.sql_private_ip",
            "google_compute_network.vpc",
            "google_service_networking_connection.sql_vpc_connection"
          ]
        }
      ]
    },
    {
      "mode": "managed",
      "type": "google_sql_user",
      "name": "hr_user",
      "provider": "provider[\"registry.terraform.io/hashicorp/google\"]",
      "instances": [
        {
          "schema_version": 1,
          "attributes": {
            "deletion_policy": null,
            "host": "",
            "id": "hr_app_user//hr-postgres-db",
            "instance": "hr-postgres-db",
            "name": "hr_app_user",
            "password": "12345",
            "password_policy": [],
            "project": "cs3-innovatech-hr-project",
            "sql_server_user_details": [],
            "timeouts": null,
            "type": ""
          },
          "sensitive_attributes": [
            [
              {
                "type": "get_attr",
                "value": "password"
              }
            ]
          ],
          "private": "eyJlMmJmYjczMC1lY2FhLTExZTYtOGY4OC0zNDM2M2JjN2M0YzAiOnsiY3JlYXRlIjo2MDAwMDAwMDAwMDAsImRlbGV0ZSI6NjAwMDAwMDAwMDAwLCJ1cGRhdGUiOjYwMDAwMDAwMDAwMH0sInNjaGVtYV92ZXJzaW9uIjoiMSJ9",
          "dependencies": [
            "google_compute_global_address.sql_private_ip",
            "google_compute_network.vpc",
            "google_service_networking_connection.sql_vpc_connection",
            "google_sql_database_instance.hr"
          ]
        }
      ]
    }
  ],
  "check_results": null
}
